
Microsoft Visual Studio Solution File, Format Version 12.00
# Visual Studio 2012
Project("{FAE04EC0-301F-11D3-BF4B-00C04F79EFBC}") = "NAntScriptBuilder", "NAntScriptBuilder.csproj", "{4F3C4BC9-5543-4BE5-B18E-F2D9CE720F9F}"
EndProject
Global
	GlobalSection(SolutionConfigurationPlatforms) = preSolution
		Debug|Any CPU = Debug|Any CPU
		Release|Any CPU = Release|Any CPU
	EndGlobalSection
	GlobalSection(ProjectConfigurationPlatforms) = postSolution
		{4F3C4BC9-5543-4BE5-B18E-F2D9CE720F9F}.Debug|Any CPU.ActiveCfg = Debug|Any CPU
		{4F3C4BC9-5543-4BE5-B18E-F2D9CE720F9F}.Debug|Any CPU.Build.0 = Debug|Any CPU
		{4F3C4BC9-5543-4BE5-B18E-F2D9CE720F9F}.Release|Any CPU.ActiveCfg = Release|Any CPU
		{4F3C4BC9-5543-4BE5-B18E-F2D9CE720F9F}.Release|Any CPU.Build.0 = Release|Any CPU
	EndGlobalSection
	GlobalSection(SolutionProperties) = preSolution
		HideSolutionNode = FALSE
	EndGlobalSection
EndGlobal
